
Microsoft Visual Studio Solution File, Format Version 12.00
# Visual Studio 2012
Project("{f2a71f9b-5d33-465a-a702-920d77279786}") = "Elmish.Forms", "Elmish.Forms\Elmish.Forms.fsproj", "{0FE8324B-3CE0-4AB2-BF18-12FA9BA9ECA7}"
EndProject
Global
	GlobalSection(SolutionConfigurationPlatforms) = preSolution
		Debug|Any CPU = Debug|Any CPU
		Release|Any CPU = Release|Any CPU
	EndGlobalSection
	GlobalSection(ProjectConfigurationPlatforms) = postSolution
		{0FE8324B-3CE0-4AB2-BF18-12FA9BA9ECA7}.Debug|Any CPU.ActiveCfg = Debug|Any CPU
		{0FE8324B-3CE0-4AB2-BF18-12FA9BA9ECA7}.Debug|Any CPU.Build.0 = Debug|Any CPU
		{0FE8324B-3CE0-4AB2-BF18-12FA9BA9ECA7}.Release|Any CPU.ActiveCfg = Release|Any CPU
		{0FE8324B-3CE0-4AB2-BF18-12FA9BA9ECA7}.Release|Any CPU.Build.0 = Release|Any CPU
	EndGlobalSection
EndGlobal
